// !$*UTF8*$!
{
	archiveVersion = 1;
	classes = {
	};
	objectVersion = 50;
	objects = {

/* Begin PBXBuildFile section */
		1419181E21E62FDC00D361C1 /* AppDelegate.swift in Sources */ = {isa = PBXBuildFile; fileRef = 1419181D21E62FDC00D361C1 /* AppDelegate.swift */; };
		1419182021E62FDC00D361C1 /* ViewController.swift in Sources */ = {isa = PBXBuildFile; fileRef = 1419181F21E62FDC00D361C1 /* ViewController.swift */; };
		1419182521E62FE200D361C1 /* Assets.xcassets in Resources */ = {isa = PBXBuildFile; fileRef = 1419182421E62FE200D361C1 /* Assets.xcassets */; };
		1419182821E62FE200D361C1 /* LaunchScreen.storyboard in Resources */ = {isa = PBXBuildFile; fileRef = 1419182621E62FE200D361C1 /* LaunchScreen.storyboard */; };
		1419183021E6349700D361C1 /* AppCoordinator.swift in Sources */ = {isa = PBXBuildFile; fileRef = 1419182F21E6349700D361C1 /* AppCoordinator.swift */; };
		1419183221E634F900D361C1 /* AppDependency.swift in Sources */ = {isa = PBXBuildFile; fileRef = 1419183121E634F900D361C1 /* AppDependency.swift */; };
		1419183421E6357100D361C1 /* API.swift in Sources */ = {isa = PBXBuildFile; fileRef = 1419183321E6357100D361C1 /* API.swift */; };
		1419183621E6362D00D361C1 /* Coordinator.swift in Sources */ = {isa = PBXBuildFile; fileRef = 1419183521E6362D00D361C1 /* Coordinator.swift */; };
		1419183821E6371B00D361C1 /* Dictionary+CamelCase.swift in Sources */ = {isa = PBXBuildFile; fileRef = 1419183721E6371B00D361C1 /* Dictionary+CamelCase.swift */; };
		1419183A21E6375700D361C1 /* String+CamelCase.swift in Sources */ = {isa = PBXBuildFile; fileRef = 1419183921E6375700D361C1 /* String+CamelCase.swift */; };
		149E5E1121E7127200063136 /* HomeViewModel.swift in Sources */ = {isa = PBXBuildFile; fileRef = 149E5E1021E7127200063136 /* HomeViewModel.swift */; };
		149E5E1321E7129400063136 /* BaseViewModel.swift in Sources */ = {isa = PBXBuildFile; fileRef = 149E5E1221E7129400063136 /* BaseViewModel.swift */; };
		149E5E1521E7131500063136 /* Movie.swift in Sources */ = {isa = PBXBuildFile; fileRef = 149E5E1421E7131500063136 /* Movie.swift */; };
		149E5E1721E7135C00063136 /* HomeMovieListResopnse.swift in Sources */ = {isa = PBXBuildFile; fileRef = 149E5E1621E7135C00063136 /* HomeMovieListResopnse.swift */; };
		149E5E1921E7144400063136 /* APIResult.swift in Sources */ = {isa = PBXBuildFile; fileRef = 149E5E1821E7144400063136 /* APIResult.swift */; };
		149E5E1B21E7149D00063136 /* APIManager.swift in Sources */ = {isa = PBXBuildFile; fileRef = 149E5E1A21E7149D00063136 /* APIManager.swift */; };
		149E5E1D21E714CE00063136 /* APIRouter.swift in Sources */ = {isa = PBXBuildFile; fileRef = 149E5E1C21E714CE00063136 /* APIRouter.swift */; };
		149E5E1F21E7153A00063136 /* RootCoordinator.swift in Sources */ = {isa = PBXBuildFile; fileRef = 149E5E1E21E7153A00063136 /* RootCoordinator.swift */; };
		149E5E2121E715CC00063136 /* SearchHistory.swift in Sources */ = {isa = PBXBuildFile; fileRef = 149E5E2021E715CC00063136 /* SearchHistory.swift */; };
		149E5E2321E7160E00063136 /* UIStoryboard+UIViewControllers.swift in Sources */ = {isa = PBXBuildFile; fileRef = 149E5E2221E7160E00063136 /* UIStoryboard+UIViewControllers.swift */; };
		149E5E2521E7161D00063136 /* Logging.swift in Sources */ = {isa = PBXBuildFile; fileRef = 149E5E2421E7161D00063136 /* Logging.swift */; };
		149E5E2921E7162A00063136 /* ActivityIndicatior.swift in Sources */ = {isa = PBXBuildFile; fileRef = 149E5E2721E7162A00063136 /* ActivityIndicatior.swift */; };
		149E5E2A21E7162A00063136 /* ActivityIndicatorViewable.swift in Sources */ = {isa = PBXBuildFile; fileRef = 149E5E2821E7162A00063136 /* ActivityIndicatorViewable.swift */; };
		149E5E2C21E7164600063136 /* Extension+UIKit.swift in Sources */ = {isa = PBXBuildFile; fileRef = 149E5E2B21E7164500063136 /* Extension+UIKit.swift */; };
		149E5E2E21E7170E00063136 /* HomeViewController.swift in Sources */ = {isa = PBXBuildFile; fileRef = 149E5E2D21E7170E00063136 /* HomeViewController.swift */; };
		149E5E3021E7171F00063136 /* SearchViewController.swift in Sources */ = {isa = PBXBuildFile; fileRef = 149E5E2F21E7171F00063136 /* SearchViewController.swift */; };
		149E5E3221E7178400063136 /* APICallError.swift in Sources */ = {isa = PBXBuildFile; fileRef = 149E5E3121E7178400063136 /* APICallError.swift */; };
		149E5E3421E7184200063136 /* BaseViewController.swift in Sources */ = {isa = PBXBuildFile; fileRef = 149E5E3321E7184200063136 /* BaseViewController.swift */; };
		149E5E3621E7188700063136 /* SearchViewModel.swift in Sources */ = {isa = PBXBuildFile; fileRef = 149E5E3521E7188700063136 /* SearchViewModel.swift */; };
		149E5E3821E7191C00063136 /* HomeMovieCollectionViewCell.swift in Sources */ = {isa = PBXBuildFile; fileRef = 149E5E3721E7191C00063136 /* HomeMovieCollectionViewCell.swift */; };
		149E5E3A21E7193500063136 /* HomeMovieCollectionViewCell.xib in Resources */ = {isa = PBXBuildFile; fileRef = 149E5E3921E7193500063136 /* HomeMovieCollectionViewCell.xib */; };
		149E5E3C21E719C600063136 /* Main.storyboard in Resources */ = {isa = PBXBuildFile; fileRef = 149E5E3B21E719C600063136 /* Main.storyboard */; };
		149E5E4021E7498700063136 /* MovieListPageContainerViewModel.swift in Sources */ = {isa = PBXBuildFile; fileRef = 149E5E3F21E7498700063136 /* MovieListPageContainerViewModel.swift */; };
		149E5E4221E74A8200063136 /* MovieListPageContainerViewController.swift in Sources */ = {isa = PBXBuildFile; fileRef = 149E5E4121E74A8200063136 /* MovieListPageContainerViewController.swift */; };
		149E5E4421E74B3400063136 /* MovieListViewController.swift in Sources */ = {isa = PBXBuildFile; fileRef = 149E5E4321E74B3400063136 /* MovieListViewController.swift */; };
		149E5E4621E74BB400063136 /* MovieListViewModel.swift in Sources */ = {isa = PBXBuildFile; fileRef = 149E5E4521E74BB400063136 /* MovieListViewModel.swift */; };
		149E5E4921E74CBB00063136 /* MovieListTableViewCell.swift in Sources */ = {isa = PBXBuildFile; fileRef = 149E5E4721E74CBB00063136 /* MovieListTableViewCell.swift */; };
		149E5E4A21E74CBB00063136 /* MovieListTableViewCell.xib in Resources */ = {isa = PBXBuildFile; fileRef = 149E5E4821E74CBB00063136 /* MovieListTableViewCell.xib */; };
		149E5E4C21E74E7F00063136 /* MovieListCoordinator.swift in Sources */ = {isa = PBXBuildFile; fileRef = 149E5E4B21E74E7F00063136 /* MovieListCoordinator.swift */; };
		149E5E5121E77A7400063136 /* HUD.swift in Sources */ = {isa = PBXBuildFile; fileRef = 149E5E4F21E77A7400063136 /* HUD.swift */; };
		149E5E5221E77A7400063136 /* MMMaterialDesignSpinner.m in Sources */ = {isa = PBXBuildFile; fileRef = 149E5E5021E77A7400063136 /* MMMaterialDesignSpinner.m */; };
		14CD293A21E8C8200079E543 /* FloatRatingView.swift in Sources */ = {isa = PBXBuildFile; fileRef = 14CD293921E8C8200079E543 /* FloatRatingView.swift */; };
		DB8205B32E80692ED4B6DA5D /* Pods_RxMovieApp_Amit.framework in Frameworks */ = {isa = PBXBuildFile; fileRef = CA8895A29C831FBBA29A2DC5 /* Pods_RxMovieApp_Amit.framework */; };
/* End PBXBuildFile section */

/* Begin PBXFileReference section */
		1419181A21E62FDC00D361C1 /* RxMovieApp_Amit.app */ = {isa = PBXFileReference; explicitFileType = wrapper.application; includeInIndex = 0; path = RxMovieApp_Amit.app; sourceTree = BUILT_PRODUCTS_DIR; };
		1419181D21E62FDC00D361C1 /* AppDelegate.swift */ = {isa = PBXFileReference; lastKnownFileType = sourcecode.swift; path = AppDelegate.swift; sourceTree = "<group>"; };
		1419181F21E62FDC00D361C1 /* ViewController.swift */ = {isa = PBXFileReference; lastKnownFileType = sourcecode.swift; path = ViewController.swift; sourceTree = "<group>"; };
		1419182421E62FE200D361C1 /* Assets.xcassets */ = {isa = PBXFileReference; lastKnownFileType = folder.assetcatalog; path = Assets.xcassets; sourceTree = "<group>"; };
		1419182721E62FE200D361C1 /* Base */ = {isa = PBXFileReference; lastKnownFileType = file.storyboard; name = Base; path = Base.lproj/LaunchScreen.storyboard; sourceTree = "<group>"; };
		1419182921E62FE200D361C1 /* Info.plist */ = {isa = PBXFileReference; lastKnownFileType = text.plist.xml; path = Info.plist; sourceTree = "<group>"; };
		1419182F21E6349700D361C1 /* AppCoordinator.swift */ = {isa = PBXFileReference; lastKnownFileType = sourcecode.swift; path = AppCoordinator.swift; sourceTree = "<group>"; };
		1419183121E634F900D361C1 /* AppDependency.swift */ = {isa = PBXFileReference; lastKnownFileType = sourcecode.swift; path = AppDependency.swift; sourceTree = "<group>"; };
		1419183321E6357100D361C1 /* API.swift */ = {isa = PBXFileReference; lastKnownFileType = sourcecode.swift; path = API.swift; sourceTree = "<group>"; };
		1419183521E6362D00D361C1 /* Coordinator.swift */ = {isa = PBXFileReference; lastKnownFileType = sourcecode.swift; path = Coordinator.swift; sourceTree = "<group>"; };
		1419183721E6371B00D361C1 /* Dictionary+CamelCase.swift */ = {isa = PBXFileReference; fileEncoding = 4; lastKnownFileType = sourcecode.swift; path = "Dictionary+CamelCase.swift"; sourceTree = "<group>"; };
		1419183921E6375700D361C1 /* String+CamelCase.swift */ = {isa = PBXFileReference; fileEncoding = 4; lastKnownFileType = sourcecode.swift; path = "String+CamelCase.swift"; sourceTree = "<group>"; };
		149E5E1021E7127200063136 /* HomeViewModel.swift */ = {isa = PBXFileReference; lastKnownFileType = sourcecode.swift; path = HomeViewModel.swift; sourceTree = "<group>"; };
		149E5E1221E7129400063136 /* BaseViewModel.swift */ = {isa = PBXFileReference; lastKnownFileType = sourcecode.swift; path = BaseViewModel.swift; sourceTree = "<group>"; };
		149E5E1421E7131500063136 /* Movie.swift */ = {isa = PBXFileReference; lastKnownFileType = sourcecode.swift; path = Movie.swift; sourceTree = "<group>"; };
		149E5E1621E7135C00063136 /* HomeMovieListResopnse.swift */ = {isa = PBXFileReference; lastKnownFileType = sourcecode.swift; path = HomeMovieListResopnse.swift; sourceTree = "<group>"; };
		149E5E1821E7144400063136 /* APIResult.swift */ = {isa = PBXFileReference; lastKnownFileType = sourcecode.swift; path = APIResult.swift; sourceTree = "<group>"; };
		149E5E1A21E7149D00063136 /* APIManager.swift */ = {isa = PBXFileReference; lastKnownFileType = sourcecode.swift; path = APIManager.swift; sourceTree = "<group>"; };
		149E5E1C21E714CE00063136 /* APIRouter.swift */ = {isa = PBXFileReference; lastKnownFileType = sourcecode.swift; path = APIRouter.swift; sourceTree = "<group>"; };
		149E5E1E21E7153A00063136 /* RootCoordinator.swift */ = {isa = PBXFileReference; lastKnownFileType = sourcecode.swift; path = RootCoordinator.swift; sourceTree = "<group>"; };
		149E5E2021E715CC00063136 /* SearchHistory.swift */ = {isa = PBXFileReference; lastKnownFileType = sourcecode.swift; path = SearchHistory.swift; sourceTree = "<group>"; };
		149E5E2221E7160E00063136 /* UIStoryboard+UIViewControllers.swift */ = {isa = PBXFileReference; fileEncoding = 4; lastKnownFileType = sourcecode.swift; path = "UIStoryboard+UIViewControllers.swift"; sourceTree = "<group>"; };
		149E5E2421E7161D00063136 /* Logging.swift */ = {isa = PBXFileReference; fileEncoding = 4; lastKnownFileType = sourcecode.swift; path = Logging.swift; sourceTree = "<group>"; };
		149E5E2721E7162A00063136 /* ActivityIndicatior.swift */ = {isa = PBXFileReference; fileEncoding = 4; lastKnownFileType = sourcecode.swift; path = ActivityIndicatior.swift; sourceTree = "<group>"; };
		149E5E2821E7162A00063136 /* ActivityIndicatorViewable.swift */ = {isa = PBXFileReference; fileEncoding = 4; lastKnownFileType = sourcecode.swift; path = ActivityIndicatorViewable.swift; sourceTree = "<group>"; };
		149E5E2B21E7164500063136 /* Extension+UIKit.swift */ = {isa = PBXFileReference; fileEncoding = 4; lastKnownFileType = sourcecode.swift; path = "Extension+UIKit.swift"; sourceTree = "<group>"; };
		149E5E2D21E7170E00063136 /* HomeViewController.swift */ = {isa = PBXFileReference; lastKnownFileType = sourcecode.swift; path = HomeViewController.swift; sourceTree = "<group>"; };
		149E5E2F21E7171F00063136 /* SearchViewController.swift */ = {isa = PBXFileReference; lastKnownFileType = sourcecode.swift; path = SearchViewController.swift; sourceTree = "<group>"; };
		149E5E3121E7178400063136 /* APICallError.swift */ = {isa = PBXFileReference; lastKnownFileType = sourcecode.swift; path = APICallError.swift; sourceTree = "<group>"; };
		149E5E3321E7184200063136 /* BaseViewController.swift */ = {isa = PBXFileReference; lastKnownFileType = sourcecode.swift; path = BaseViewController.swift; sourceTree = "<group>"; };
		149E5E3521E7188700063136 /* SearchViewModel.swift */ = {isa = PBXFileReference; lastKnownFileType = sourcecode.swift; path = SearchViewModel.swift; sourceTree = "<group>"; };
		149E5E3721E7191C00063136 /* HomeMovieCollectionViewCell.swift */ = {isa = PBXFileReference; lastKnownFileType = sourcecode.swift; path = HomeMovieCollectionViewCell.swift; sourceTree = "<group>"; };
		149E5E3921E7193500063136 /* HomeMovieCollectionViewCell.xib */ = {isa = PBXFileReference; fileEncoding = 4; lastKnownFileType = file.xib; path = HomeMovieCollectionViewCell.xib; sourceTree = "<group>"; };
		149E5E3B21E719C600063136 /* Main.storyboard */ = {isa = PBXFileReference; fileEncoding = 4; lastKnownFileType = file.storyboard; path = Main.storyboard; sourceTree = "<group>"; };
		149E5E3F21E7498700063136 /* MovieListPageContainerViewModel.swift */ = {isa = PBXFileReference; lastKnownFileType = sourcecode.swift; path = MovieListPageContainerViewModel.swift; sourceTree = "<group>"; };
		149E5E4121E74A8200063136 /* MovieListPageContainerViewController.swift */ = {isa = PBXFileReference; lastKnownFileType = sourcecode.swift; path = MovieListPageContainerViewController.swift; sourceTree = "<group>"; };
		149E5E4321E74B3400063136 /* MovieListViewController.swift */ = {isa = PBXFileReference; lastKnownFileType = sourcecode.swift; path = MovieListViewController.swift; sourceTree = "<group>"; };
		149E5E4521E74BB400063136 /* MovieListViewModel.swift */ = {isa = PBXFileReference; lastKnownFileType = sourcecode.swift; path = MovieListViewModel.swift; sourceTree = "<group>"; };
		149E5E4721E74CBB00063136 /* MovieListTableViewCell.swift */ = {isa = PBXFileReference; lastKnownFileType = sourcecode.swift; path = MovieListTableViewCell.swift; sourceTree = "<group>"; };
		149E5E4821E74CBB00063136 /* MovieListTableViewCell.xib */ = {isa = PBXFileReference; lastKnownFileType = file.xib; path = MovieListTableViewCell.xib; sourceTree = "<group>"; };
		149E5E4B21E74E7F00063136 /* MovieListCoordinator.swift */ = {isa = PBXFileReference; lastKnownFileType = sourcecode.swift; path = MovieListCoordinator.swift; sourceTree = "<group>"; };
		149E5E4E21E77A7400063136 /* MMMaterialDesignSpinner.h */ = {isa = PBXFileReference; fileEncoding = 4; lastKnownFileType = sourcecode.c.h; path = MMMaterialDesignSpinner.h; sourceTree = "<group>"; };
		149E5E4F21E77A7400063136 /* HUD.swift */ = {isa = PBXFileReference; fileEncoding = 4; lastKnownFileType = sourcecode.swift; path = HUD.swift; sourceTree = "<group>"; };
		149E5E5021E77A7400063136 /* MMMaterialDesignSpinner.m */ = {isa = PBXFileReference; fileEncoding = 4; lastKnownFileType = sourcecode.c.objc; path = MMMaterialDesignSpinner.m; sourceTree = "<group>"; };
		149E5E5321E77B8600063136 /* RxMovieApp_Amit-Bridging-Header.h */ = {isa = PBXFileReference; fileEncoding = 4; lastKnownFileType = sourcecode.c.h; path = "RxMovieApp_Amit-Bridging-Header.h"; sourceTree = "<group>"; };
		14CD293921E8C8200079E543 /* FloatRatingView.swift */ = {isa = PBXFileReference; fileEncoding = 4; lastKnownFileType = sourcecode.swift; path = FloatRatingView.swift; sourceTree = "<group>"; };
		B73DC75E891ACC252FE6E488 /* Pods-RxMovieApp_Amit.release.xcconfig */ = {isa = PBXFileReference; includeInIndex = 1; lastKnownFileType = text.xcconfig; name = "Pods-RxMovieApp_Amit.release.xcconfig"; path = "Pods/Target Support Files/Pods-RxMovieApp_Amit/Pods-RxMovieApp_Amit.release.xcconfig"; sourceTree = "<group>"; };
		B97B89FBD76DE848E1187F21 /* Pods-RxMovieApp_Amit.debug.xcconfig */ = {isa = PBXFileReference; includeInIndex = 1; lastKnownFileType = text.xcconfig; name = "Pods-RxMovieApp_Amit.debug.xcconfig"; path = "Pods/Target Support Files/Pods-RxMovieApp_Amit/Pods-RxMovieApp_Amit.debug.xcconfig"; sourceTree = "<group>"; };
		CA8895A29C831FBBA29A2DC5 /* Pods_RxMovieApp_Amit.framework */ = {isa = PBXFileReference; explicitFileType = wrapper.framework; includeInIndex = 0; path = Pods_RxMovieApp_Amit.framework; sourceTree = BUILT_PRODUCTS_DIR; };
/* End PBXFileReference section */

/* Begin PBXFrameworksBuildPhase section */
		1419181721E62FDC00D361C1 /* Frameworks */ = {
			isa = PBXFrameworksBuildPhase;
			buildActionMask = 2147483647;
			files = (
				DB8205B32E80692ED4B6DA5D /* Pods_RxMovieApp_Amit.framework in Frameworks */,
			);
			runOnlyForDeploymentPostprocessing = 0;
		};
/* End PBXFrameworksBuildPhase section */

/* Begin PBXGroup section */
		1419181121E62FDC00D361C1 = {
			isa = PBXGroup;
			children = (
				1419181C21E62FDC00D361C1 /* RxMovieApp_Amit */,
				1419181B21E62FDC00D361C1 /* Products */,
				46896CEF843E600B48E8E7FA /* Pods */,
				4768CADF00439DA6F343DDAA /* Frameworks */,
			);
			sourceTree = "<group>";
		};
		1419181B21E62FDC00D361C1 /* Products */ = {
			isa = PBXGroup;
			children = (
				1419181A21E62FDC00D361C1 /* RxMovieApp_Amit.app */,
			);
			name = Products;
			sourceTree = "<group>";
		};
		1419181C21E62FDC00D361C1 /* RxMovieApp_Amit */ = {
			isa = PBXGroup;
			children = (
				14CD293B21E8DCC10079E543 /* Application */,
				14CD294321E8DDD50079E543 /* Coordinator */,
				14CD294221E8DD9F0079E543 /* Extension */,
				14CD294121E8DD8B0079E543 /* Network */,
				14CD294021E8DD770079E543 /* Libraries */,
				14CD293D21E8DD090079E543 /* ViewModel */,
				14CD293C21E8DCF50079E543 /* ViewController */,
				149E5E2621E7162A00063136 /* RxActivityViewable */,
				149E5E3B21E719C600063136 /* Main.storyboard */,
				1419182421E62FE200D361C1 /* Assets.xcassets */,
				1419182621E62FE200D361C1 /* LaunchScreen.storyboard */,
				1419182921E62FE200D361C1 /* Info.plist */,
				149E5E5321E77B8600063136 /* RxMovieApp_Amit-Bridging-Header.h */,
			);
			path = RxMovieApp_Amit;
			sourceTree = "<group>";
		};
		149E5E2621E7162A00063136 /* RxActivityViewable */ = {
			isa = PBXGroup;
			children = (
				149E5E2721E7162A00063136 /* ActivityIndicatior.swift */,
				149E5E2821E7162A00063136 /* ActivityIndicatorViewable.swift */,
			);
			path = RxActivityViewable;
			sourceTree = "<group>";
		};
		149E5E4D21E77A7400063136 /* HUD */ = {
			isa = PBXGroup;
			children = (
				149E5E4E21E77A7400063136 /* MMMaterialDesignSpinner.h */,
				149E5E4F21E77A7400063136 /* HUD.swift */,
				149E5E5021E77A7400063136 /* MMMaterialDesignSpinner.m */,
			);
			path = HUD;
			sourceTree = "<group>";
		};
		14CD293B21E8DCC10079E543 /* Application */ = {
			isa = PBXGroup;
			children = (
				1419183121E634F900D361C1 /* AppDependency.swift */,
				1419181D21E62FDC00D361C1 /* AppDelegate.swift */,
			);
			path = Application;
			sourceTree = "<group>";
		};
		14CD293C21E8DCF50079E543 /* ViewController */ = {
			isa = PBXGroup;
			children = (
				1419181F21E62FDC00D361C1 /* ViewController.swift */,
				149E5E3321E7184200063136 /* BaseViewController.swift */,
				149E5E2D21E7170E00063136 /* HomeViewController.swift */,
				149E5E2F21E7171F00063136 /* SearchViewController.swift */,
				149E5E4121E74A8200063136 /* MovieListPageContainerViewController.swift */,
				149E5E4321E74B3400063136 /* MovieListViewController.swift */,
				14CD293F21E8DD390079E543 /* Cells */,
			);
			path = ViewController;
			sourceTree = "<group>";
		};
		14CD293D21E8DD090079E543 /* ViewModel */ = {
			isa = PBXGroup;
			children = (
				14CD293E21E8DD1A0079E543 /* Model */,
				149E5E1221E7129400063136 /* BaseViewModel.swift */,
				149E5E1021E7127200063136 /* HomeViewModel.swift */,
				149E5E3521E7188700063136 /* SearchViewModel.swift */,
				149E5E4521E74BB400063136 /* MovieListViewModel.swift */,
			);
			path = ViewModel;
			sourceTree = "<group>";
		};
		14CD293E21E8DD1A0079E543 /* Model */ = {
			isa = PBXGroup;
			children = (
				149E5E2021E715CC00063136 /* SearchHistory.swift */,
				149E5E1421E7131500063136 /* Movie.swift */,
			);
			path = Model;
			sourceTree = "<group>";
		};
		14CD293F21E8DD390079E543 /* Cells */ = {
			isa = PBXGroup;
			children = (
				149E5E4721E74CBB00063136 /* MovieListTableViewCell.swift */,
				149E5E4821E74CBB00063136 /* MovieListTableViewCell.xib */,
				149E5E3721E7191C00063136 /* HomeMovieCollectionViewCell.swift */,
				149E5E3921E7193500063136 /* HomeMovieCollectionViewCell.xib */,
			);
			path = Cells;
			sourceTree = "<group>";
		};
		14CD294021E8DD770079E543 /* Libraries */ = {
			isa = PBXGroup;
			children = (
				149E5E2421E7161D00063136 /* Logging.swift */,
				14CD293921E8C8200079E543 /* FloatRatingView.swift */,
				149E5E4D21E77A7400063136 /* HUD */,
			);
			path = Libraries;
			sourceTree = "<group>";
		};
		14CD294121E8DD8B0079E543 /* Network */ = {
			isa = PBXGroup;
			children = (
				149E5E1621E7135C00063136 /* HomeMovieListResopnse.swift */,
				1419183321E6357100D361C1 /* API.swift */,
				149E5E1A21E7149D00063136 /* APIManager.swift */,
				149E5E1C21E714CE00063136 /* APIRouter.swift */,
				149E5E1821E7144400063136 /* APIResult.swift */,
				149E5E3121E7178400063136 /* APICallError.swift */,
			);
			path = Network;
			sourceTree = "<group>";
		};
		14CD294221E8DD9F0079E543 /* Extension */ = {
			isa = PBXGroup;
			children = (
				149E5E2221E7160E00063136 /* UIStoryboard+UIViewControllers.swift */,
				1419183721E6371B00D361C1 /* Dictionary+CamelCase.swift */,
				1419183921E6375700D361C1 /* String+CamelCase.swift */,
				149E5E2B21E7164500063136 /* Extension+UIKit.swift */,
			);
			path = Extension;
			sourceTree = "<group>";
		};
		14CD294321E8DDD50079E543 /* Coordinator */ = {
			isa = PBXGroup;
			children = (
				1419182F21E6349700D361C1 /* AppCoordinator.swift */,
				149E5E1E21E7153A00063136 /* RootCoordinator.swift */,
				149E5E3F21E7498700063136 /* MovieListPageContainerViewModel.swift */,
				1419183521E6362D00D361C1 /* Coordinator.swift */,
				149E5E4B21E74E7F00063136 /* MovieListCoordinator.swift */,
			);
			path = Coordinator;
			sourceTree = "<group>";
		};
		46896CEF843E600B48E8E7FA /* Pods */ = {
			isa = PBXGroup;
			children = (
				B97B89FBD76DE848E1187F21 /* Pods-RxMovieApp_Amit.debug.xcconfig */,
				B73DC75E891ACC252FE6E488 /* Pods-RxMovieApp_Amit.release.xcconfig */,
			);
			name = Pods;
			sourceTree = "<group>";
		};
		4768CADF00439DA6F343DDAA /* Frameworks */ = {
			isa = PBXGroup;
			children = (
				CA8895A29C831FBBA29A2DC5 /* Pods_RxMovieApp_Amit.framework */,
			);
			name = Frameworks;
			sourceTree = "<group>";
		};
/* End PBXGroup section */

/* Begin PBXNativeTarget section */
		1419181921E62FDC00D361C1 /* RxMovieApp_Amit */ = {
			isa = PBXNativeTarget;
			buildConfigurationList = 1419182C21E62FE200D361C1 /* Build configuration list for PBXNativeTarget "RxMovieApp_Amit" */;
			buildPhases = (
				77EC5EB9980199F144783501 /* [CP] Check Pods Manifest.lock */,
				1419181621E62FDC00D361C1 /* Sources */,
				1419181721E62FDC00D361C1 /* Frameworks */,
				1419181821E62FDC00D361C1 /* Resources */,
				9A6A92E6CBC67CE5E86D5D47 /* [CP] Embed Pods Frameworks */,
			);
			buildRules = (
			);
			dependencies = (
			);
			name = RxMovieApp_Amit;
			productName = RxMovieApp_Amit;
			productReference = 1419181A21E62FDC00D361C1 /* RxMovieApp_Amit.app */;
			productType = "com.apple.product-type.application";
		};
/* End PBXNativeTarget section */

/* Begin PBXProject section */
		1419181221E62FDC00D361C1 /* Project object */ = {
			isa = PBXProject;
			attributes = {
				LastSwiftUpdateCheck = 1010;
				LastUpgradeCheck = 1010;
				ORGANIZATIONNAME = mac104;
				TargetAttributes = {
					1419181921E62FDC00D361C1 = {
						CreatedOnToolsVersion = 10.1;
					};
				};
			};
			buildConfigurationList = 1419181521E62FDC00D361C1 /* Build configuration list for PBXProject "RxMovieApp_Amit" */;
			compatibilityVersion = "Xcode 9.3";
			developmentRegion = en;
			hasScannedForEncodings = 0;
			knownRegions = (
				en,
				Base,
			);
			mainGroup = 1419181121E62FDC00D361C1;
			productRefGroup = 1419181B21E62FDC00D361C1 /* Products */;
			projectDirPath = "";
			projectRoot = "";
			targets = (
				1419181921E62FDC00D361C1 /* RxMovieApp_Amit */,
			);
		};
/* End PBXProject section */

/* Begin PBXResourcesBuildPhase section */
		1419181821E62FDC00D361C1 /* Resources */ = {
			isa = PBXResourcesBuildPhase;
			buildActionMask = 2147483647;
			files = (
				149E5E4A21E74CBB00063136 /* MovieListTableViewCell.xib in Resources */,
				149E5E3A21E7193500063136 /* HomeMovieCollectionViewCell.xib in Resources */,
				1419182821E62FE200D361C1 /* LaunchScreen.storyboard in Resources */,
				1419182521E62FE200D361C1 /* Assets.xcassets in Resources */,
				149E5E3C21E719C600063136 /* Main.storyboard in Resources */,
			);
			runOnlyForDeploymentPostprocessing = 0;
		};
/* End PBXResourcesBuildPhase section */

/* Begin PBXShellScriptBuildPhase section */
		77EC5EB9980199F144783501 /* [CP] Check Pods Manifest.lock */ = {
			isa = PBXShellScriptBuildPhase;
			buildActionMask = 2147483647;
			files = (
			);
			inputPaths = (
				"${PODS_PODFILE_DIR_PATH}/Podfile.lock",
				"${PODS_ROOT}/Manifest.lock",
			);
			name = "[CP] Check Pods Manifest.lock";
			outputPaths = (
				"$(DERIVED_FILE_DIR)/Pods-RxMovieApp_Amit-checkManifestLockResult.txt",
			);
			runOnlyForDeploymentPostprocessing = 0;
			shellPath = /bin/sh;
			shellScript = "diff \"${PODS_PODFILE_DIR_PATH}/Podfile.lock\" \"${PODS_ROOT}/Manifest.lock\" > /dev/null\nif [ $? != 0 ] ; then\n    # print error to STDERR\n    echo \"error: The sandbox is not in sync with the Podfile.lock. Run 'pod install' or update your CocoaPods installation.\" >&2\n    exit 1\nfi\n# This output is used by Xcode 'outputs' to avoid re-running this script phase.\necho \"SUCCESS\" > \"${SCRIPT_OUTPUT_FILE_0}\"\n";
			showEnvVarsInLog = 0;
		};
		9A6A92E6CBC67CE5E86D5D47 /* [CP] Embed Pods Frameworks */ = {
			isa = PBXShellScriptBuildPhase;
			buildActionMask = 2147483647;
			files = (
			);
			inputPaths = (
				"${SRCROOT}/Pods/Target Support Files/Pods-RxMovieApp_Amit/Pods-RxMovieApp_Amit-frameworks.sh",
				"${BUILT_PRODUCTS_DIR}/Alamofire/Alamofire.framework",
				"${BUILT_PRODUCTS_DIR}/DZNEmptyDataSet/DZNEmptyDataSet.framework",
				"${BUILT_PRODUCTS_DIR}/FSPagerView/FSPagerView.framework",
				"${BUILT_PRODUCTS_DIR}/IQKeyboardManagerSwift/IQKeyboardManagerSwift.framework",
				"${BUILT_PRODUCTS_DIR}/Kingfisher/Kingfisher.framework",
				"${BUILT_PRODUCTS_DIR}/RxAlamofire/RxAlamofire.framework",
				"${BUILT_PRODUCTS_DIR}/RxAtomic/RxAtomic.framework",
				"${BUILT_PRODUCTS_DIR}/RxCocoa/RxCocoa.framework",
				"${BUILT_PRODUCTS_DIR}/RxGesture/RxGesture.framework",
				"${BUILT_PRODUCTS_DIR}/RxSwift/RxSwift.framework",
				"${BUILT_PRODUCTS_DIR}/SwiftyJSON/SwiftyJSON.framework",
			);
			name = "[CP] Embed Pods Frameworks";
			outputPaths = (
				"${TARGET_BUILD_DIR}/${FRAMEWORKS_FOLDER_PATH}/Alamofire.framework",
				"${TARGET_BUILD_DIR}/${FRAMEWORKS_FOLDER_PATH}/DZNEmptyDataSet.framework",
				"${TARGET_BUILD_DIR}/${FRAMEWORKS_FOLDER_PATH}/FSPagerView.framework",
				"${TARGET_BUILD_DIR}/${FRAMEWORKS_FOLDER_PATH}/IQKeyboardManagerSwift.framework",
				"${TARGET_BUILD_DIR}/${FRAMEWORKS_FOLDER_PATH}/Kingfisher.framework",
				"${TARGET_BUILD_DIR}/${FRAMEWORKS_FOLDER_PATH}/RxAlamofire.framework",
				"${TARGET_BUILD_DIR}/${FRAMEWORKS_FOLDER_PATH}/RxAtomic.framework",
				"${TARGET_BUILD_DIR}/${FRAMEWORKS_FOLDER_PATH}/RxCocoa.framework",
				"${TARGET_BUILD_DIR}/${FRAMEWORKS_FOLDER_PATH}/RxGesture.framework",
				"${TARGET_BUILD_DIR}/${FRAMEWORKS_FOLDER_PATH}/RxSwift.framework",
				"${TARGET_BUILD_DIR}/${FRAMEWORKS_FOLDER_PATH}/SwiftyJSON.framework",
			);
			runOnlyForDeploymentPostprocessing = 0;
			shellPath = /bin/sh;
			shellScript = "\"${SRCROOT}/Pods/Target Support Files/Pods-RxMovieApp_Amit/Pods-RxMovieApp_Amit-frameworks.sh\"\n";
			showEnvVarsInLog = 0;
		};
/* End PBXShellScriptBuildPhase section */

/* Begin PBXSourcesBuildPhase section */
		1419181621E62FDC00D361C1 /* Sources */ = {
			isa = PBXSourcesBuildPhase;
			buildActionMask = 2147483647;
			files = (
				1419183021E6349700D361C1 /* AppCoordinator.swift in Sources */,
				149E5E3221E7178400063136 /* APICallError.swift in Sources */,
				149E5E1D21E714CE00063136 /* APIRouter.swift in Sources */,
				149E5E2921E7162A00063136 /* ActivityIndicatior.swift in Sources */,
				149E5E2521E7161D00063136 /* Logging.swift in Sources */,
				149E5E2C21E7164600063136 /* Extension+UIKit.swift in Sources */,
				149E5E1321E7129400063136 /* BaseViewModel.swift in Sources */,
				149E5E4921E74CBB00063136 /* MovieListTableViewCell.swift in Sources */,
				149E5E2E21E7170E00063136 /* HomeViewController.swift in Sources */,
				149E5E3821E7191C00063136 /* HomeMovieCollectionViewCell.swift in Sources */,
				149E5E5221E77A7400063136 /* MMMaterialDesignSpinner.m in Sources */,
				149E5E1121E7127200063136 /* HomeViewModel.swift in Sources */,
				149E5E5121E77A7400063136 /* HUD.swift in Sources */,
				149E5E1921E7144400063136 /* APIResult.swift in Sources */,
				1419183A21E6375700D361C1 /* String+CamelCase.swift in Sources */,
				1419182021E62FDC00D361C1 /* ViewController.swift in Sources */,
				149E5E1B21E7149D00063136 /* APIManager.swift in Sources */,
				149E5E3421E7184200063136 /* BaseViewController.swift in Sources */,
				149E5E4421E74B3400063136 /* MovieListViewController.swift in Sources */,
				149E5E1F21E7153A00063136 /* RootCoordinator.swift in Sources */,
				149E5E2A21E7162A00063136 /* ActivityIndicatorViewable.swift in Sources */,
				1419183621E6362D00D361C1 /* Coordinator.swift in Sources */,
				1419183221E634F900D361C1 /* AppDependency.swift in Sources */,
				1419183821E6371B00D361C1 /* Dictionary+CamelCase.swift in Sources */,
				1419181E21E62FDC00D361C1 /* AppDelegate.swift in Sources */,
				149E5E4C21E74E7F00063136 /* MovieListCoordinator.swift in Sources */,
				149E5E3021E7171F00063136 /* SearchViewController.swift in Sources */,
				149E5E1521E7131500063136 /* Movie.swift in Sources */,
				149E5E1721E7135C00063136 /* HomeMovieListResopnse.swift in Sources */,
				1419183421E6357100D361C1 /* API.swift in Sources */,
				149E5E4021E7498700063136 /* MovieListPageContainerViewModel.swift in Sources */,
				149E5E4621E74BB400063136 /* MovieListViewModel.swift in Sources */,
				14CD293A21E8C8200079E543 /* FloatRatingView.swift in Sources */,
				149E5E4221E74A8200063136 /* MovieListPageContainerViewController.swift in Sources */,
				149E5E3621E7188700063136 /* SearchViewModel.swift in Sources */,
				149E5E2121E715CC00063136 /* SearchHistory.swift in Sources */,
				149E5E2321E7160E00063136 /* UIStoryboard+UIViewControllers.swift in Sources */,
			);
			runOnlyForDeploymentPostprocessing = 0;
		};
/* End PBXSourcesBuildPhase section */

/* Begin PBXVariantGroup section */
		1419182621E62FE200D361C1 /* LaunchScreen.storyboard */ = {
			isa = PBXVariantGroup;
			children = (
				1419182721E62FE200D361C1 /* Base */,
			);
			name = LaunchScreen.storyboard;
			sourceTree = "<group>";
		};
/* End PBXVariantGroup section */

/* Begin XCBuildConfiguration section */
		1419182A21E62FE200D361C1 /* Debug */ = {
			isa = XCBuildConfiguration;
			buildSettings = {
				ALWAYS_SEARCH_USER_PATHS = NO;
				CLANG_ANALYZER_NONNULL = YES;
				CLANG_ANALYZER_NUMBER_OBJECT_CONVERSION = YES_AGGRESSIVE;
				CLANG_CXX_LANGUAGE_STANDARD = "gnu++14";
				CLANG_CXX_LIBRARY = "libc++";
				CLANG_ENABLE_MODULES = YES;
				CLANG_ENABLE_OBJC_ARC = YES;
				CLANG_ENABLE_OBJC_WEAK = YES;
				CLANG_WARN_BLOCK_CAPTURE_AUTORELEASING = YES;
				CLANG_WARN_BOOL_CONVERSION = YES;
				CLANG_WARN_COMMA = YES;
				CLANG_WARN_CONSTANT_CONVERSION = YES;
				CLANG_WARN_DEPRECATED_OBJC_IMPLEMENTATIONS = YES;
				CLANG_WARN_DIRECT_OBJC_ISA_USAGE = YES_ERROR;
				CLANG_WARN_DOCUMENTATION_COMMENTS = YES;
				CLANG_WARN_EMPTY_BODY = YES;
				CLANG_WARN_ENUM_CONVERSION = YES;
				CLANG_WARN_INFINITE_RECURSION = YES;
				CLANG_WARN_INT_CONVERSION = YES;
				CLANG_WARN_NON_LITERAL_NULL_CONVERSION = YES;
				CLANG_WARN_OBJC_IMPLICIT_RETAIN_SELF = YES;
				CLANG_WARN_OBJC_LITERAL_CONVERSION = YES;
				CLANG_WARN_OBJC_ROOT_CLASS = YES_ERROR;
				CLANG_WARN_RANGE_LOOP_ANALYSIS = YES;
				CLANG_WARN_STRICT_PROTOTYPES = YES;
				CLANG_WARN_SUSPICIOUS_MOVE = YES;
				CLANG_WARN_UNGUARDED_AVAILABILITY = YES_AGGRESSIVE;
				CLANG_WARN_UNREACHABLE_CODE = YES;
				CLANG_WARN__DUPLICATE_METHOD_MATCH = YES;
				CODE_SIGN_IDENTITY = "iPhone Developer";
				COPY_PHASE_STRIP = NO;
				DEBUG_INFORMATION_FORMAT = dwarf;
				ENABLE_STRICT_OBJC_MSGSEND = YES;
				ENABLE_TESTABILITY = YES;
				GCC_C_LANGUAGE_STANDARD = gnu11;
				GCC_DYNAMIC_NO_PIC = NO;
				GCC_NO_COMMON_BLOCKS = YES;
				GCC_OPTIMIZATION_LEVEL = 0;
				GCC_PREPROCESSOR_DEFINITIONS = (
					"DEBUG=1",
					"$(inherited)",
				);
				GCC_WARN_64_TO_32_BIT_CONVERSION = YES;
				GCC_WARN_ABOUT_RETURN_TYPE = YES_ERROR;
				GCC_WARN_UNDECLARED_SELECTOR = YES;
				GCC_WARN_UNINITIALIZED_AUTOS = YES_AGGRESSIVE;
				GCC_WARN_UNUSED_FUNCTION = YES;
				GCC_WARN_UNUSED_VARIABLE = YES;
				IPHONEOS_DEPLOYMENT_TARGET = 12.1;
				MTL_ENABLE_DEBUG_INFO = INCLUDE_SOURCE;
				MTL_FAST_MATH = YES;
				ONLY_ACTIVE_ARCH = YES;
				SDKROOT = iphoneos;
				SWIFT_ACTIVE_COMPILATION_CONDITIONS = DEBUG;
				SWIFT_OPTIMIZATION_LEVEL = "-Onone";
			};
			name = Debug;
		};
		1419182B21E62FE200D361C1 /* Release */ = {
			isa = XCBuildConfiguration;
			buildSettings = {
				ALWAYS_SEARCH_USER_PATHS = NO;
				CLANG_ANALYZER_NONNULL = YES;
				CLANG_ANALYZER_NUMBER_OBJECT_CONVERSION = YES_AGGRESSIVE;
				CLANG_CXX_LANGUAGE_STANDARD = "gnu++14";
				CLANG_CXX_LIBRARY = "libc++";
				CLANG_ENABLE_MODULES = YES;
				CLANG_ENABLE_OBJC_ARC = YES;
				CLANG_ENABLE_OBJC_WEAK = YES;
				CLANG_WARN_BLOCK_CAPTURE_AUTORELEASING = YES;
				CLANG_WARN_BOOL_CONVERSION = YES;
				CLANG_WARN_COMMA = YES;
				CLANG_WARN_CONSTANT_CONVERSION = YES;
				CLANG_WARN_DEPRECATED_OBJC_IMPLEMENTATIONS = YES;
				CLANG_WARN_DIRECT_OBJC_ISA_USAGE = YES_ERROR;
				CLANG_WARN_DOCUMENTATION_COMMENTS = YES;
				CLANG_WARN_EMPTY_BODY = YES;
				CLANG_WARN_ENUM_CONVERSION = YES;
				CLANG_WARN_INFINITE_RECURSION = YES;
				CLANG_WARN_INT_CONVERSION = YES;
				CLANG_WARN_NON_LITERAL_NULL_CONVERSION = YES;
				CLANG_WARN_OBJC_IMPLICIT_RETAIN_SELF = YES;
				CLANG_WARN_OBJC_LITERAL_CONVERSION = YES;
				CLANG_WARN_OBJC_ROOT_CLASS = YES_ERROR;
				CLANG_WARN_RANGE_LOOP_ANALYSIS = YES;
				CLANG_WARN_STRICT_PROTOTYPES = YES;
				CLANG_WARN_SUSPICIOUS_MOVE = YES;
				CLANG_WARN_UNGUARDED_AVAILABILITY = YES_AGGRESSIVE;
				CLANG_WARN_UNREACHABLE_CODE = YES;
				CLANG_WARN__DUPLICATE_METHOD_MATCH = YES;
				CODE_SIGN_IDENTITY = "iPhone Developer";
				COPY_PHASE_STRIP = NO;
				DEBUG_INFORMATION_FORMAT = "dwarf-with-dsym";
				ENABLE_NS_ASSERTIONS = NO;
				ENABLE_STRICT_OBJC_MSGSEND = YES;
				GCC_C_LANGUAGE_STANDARD = gnu11;
				GCC_NO_COMMON_BLOCKS = YES;
				GCC_WARN_64_TO_32_BIT_CONVERSION = YES;
				GCC_WARN_ABOUT_RETURN_TYPE = YES_ERROR;
				GCC_WARN_UNDECLARED_SELECTOR = YES;
				GCC_WARN_UNINITIALIZED_AUTOS = YES_AGGRESSIVE;
				GCC_WARN_UNUSED_FUNCTION = YES;
				GCC_WARN_UNUSED_VARIABLE = YES;
				IPHONEOS_DEPLOYMENT_TARGET = 12.1;
				MTL_ENABLE_DEBUG_INFO = NO;
				MTL_FAST_MATH = YES;
				SDKROOT = iphoneos;
				SWIFT_COMPILATION_MODE = wholemodule;
				SWIFT_OPTIMIZATION_LEVEL = "-O";
				VALIDATE_PRODUCT = YES;
			};
			name = Release;
		};
		1419182D21E62FE200D361C1 /* Debug */ = {
			isa = XCBuildConfiguration;
			baseConfigurationReference = B97B89FBD76DE848E1187F21 /* Pods-RxMovieApp_Amit.debug.xcconfig */;
			buildSettings = {
				ASSETCATALOG_COMPILER_APPICON_NAME = AppIcon;
				CODE_SIGN_STYLE = Automatic;
				INFOPLIST_FILE = RxMovieApp_Amit/Info.plist;
				LD_RUNPATH_SEARCH_PATHS = "$(inherited) @executable_path/Frameworks";
				PRODUCT_BUNDLE_IDENTIFIER = "com.RxMovieApp-Amit";
				PRODUCT_NAME = "$(TARGET_NAME)";
				SWIFT_OBJC_BRIDGING_HEADER = "RxMovieApp_Amit/RxMovieApp_Amit-Bridging-Header.h";
				SWIFT_VERSION = 4.2;
				TARGETED_DEVICE_FAMILY = "1,2";
			};
			name = Debug;
		};
		1419182E21E62FE200D361C1 /* Release */ = {
			isa = XCBuildConfiguration;
			baseConfigurationReference = B73DC75E891ACC252FE6E488 /* Pods-RxMovieApp_Amit.release.xcconfig */;
			buildSettings = {
				ASSETCATALOG_COMPILER_APPICON_NAME = AppIcon;
				CODE_SIGN_STYLE = Automatic;
				INFOPLIST_FILE = RxMovieApp_Amit/Info.plist;
				LD_RUNPATH_SEARCH_PATHS = "$(inherited) @executable_path/Frameworks";
				PRODUCT_BUNDLE_IDENTIFIER = "com.RxMovieApp-Amit";
				PRODUCT_NAME = "$(TARGET_NAME)";
				SWIFT_OBJC_BRIDGING_HEADER = "RxMovieApp_Amit/RxMovieApp_Amit-Bridging-Header.h";
				SWIFT_VERSION = 4.2;
				TARGETED_DEVICE_FAMILY = "1,2";
			};
			name = Release;
		};
/* End XCBuildConfiguration section */

/* Begin XCConfigurationList section */
		1419181521E62FDC00D361C1 /* Build configuration list for PBXProject "RxMovieApp_Amit" */ = {
			isa = XCConfigurationList;
			buildConfigurations = (
				1419182A21E62FE200D361C1 /* Debug */,
				1419182B21E62FE200D361C1 /* Release */,
			);
			defaultConfigurationIsVisible = 0;
			defaultConfigurationName = Release;
		};
		1419182C21E62FE200D361C1 /* Build configuration list for PBXNativeTarget "RxMovieApp_Amit" */ = {
			isa = XCConfigurationList;
			buildConfigurations = (
				1419182D21E62FE200D361C1 /* Debug */,
				1419182E21E62FE200D361C1 /* Release */,
			);
			defaultConfigurationIsVisible = 0;
			defaultConfigurationName = Release;
		};
/* End XCConfigurationList section */
	};
	rootObject = 1419181221E62FDC00D361C1 /* Project object */;
}
